
Microsoft Visual Studio Solution File, Format Version 12.00
# Visual Studio 2013
VisualStudioVersion = 12.0.40629.0
MinimumVisualStudioVersion = 10.0.40219.1
Project("{8BC9CEB8-8B4A-11D0-8D11-00A0C91BC942}") = "ShallowWater", "ShallowWater.vcxproj", "{2D9C8E8D-421B-4D10-8C23-02F067B72012}"
EndProject
Project("{8BC9CEB8-8B4A-11D0-8D11-00A0C91BC942}") = "ShallowWater-Box", "..\ShallowWater-Box\ShallowWater-Box.vcxproj", "{026EC6D9-1351-4F41-A91D-D69BF782422B}"
EndProject
Project("{8BC9CEB8-8B4A-11D0-8D11-00A0C91BC942}") = "OutputXml", "..\OutputXml\OutputXml.vcxproj", "{39834A6A-DB0B-4822-8BD1-DDBF989890BC}"
EndProject
Project("{8BC9CEB8-8B4A-11D0-8D11-00A0C91BC942}") = "ShallowWater-Plane", "..\ShallowWater-Plane\ShallowWater-Plane.vcxproj", "{A1DC9B06-0289-41A9-8C11-8CC7B1A719C8}"
EndProject
Global
	GlobalSection(SolutionConfigurationPlatforms) = preSolution
		Debug|Mixed Platforms = Debug|Mixed Platforms
		Debug|Win32 = Debug|Win32
		Debug|x64 = Debug|x64
		Release|Mixed Platforms = Release|Mixed Platforms
		Release|Win32 = Release|Win32
		Release|x64 = Release|x64
	EndGlobalSection
	GlobalSection(ProjectConfigurationPlatforms) = postSolution
		{2D9C8E8D-421B-4D10-8C23-02F067B72012}.Debug|Mixed Platforms.ActiveCfg = Debug|Win32
		{2D9C8E8D-421B-4D10-8C23-02F067B72012}.Debug|Mixed Platforms.Build.0 = Debug|Win32
		{2D9C8E8D-421B-4D10-8C23-02F067B72012}.Debug|Win32.ActiveCfg = Debug|Win32
		{2D9C8E8D-421B-4D10-8C23-02F067B72012}.Debug|Win32.Build.0 = Debug|Win32
		{2D9C8E8D-421B-4D10-8C23-02F067B72012}.Debug|x64.ActiveCfg = Debug|x64
		{2D9C8E8D-421B-4D10-8C23-02F067B72012}.Debug|x64.Build.0 = Debug|x64
		{2D9C8E8D-421B-4D10-8C23-02F067B72012}.Release|Mixed Platforms.ActiveCfg = Release|Win32
		{2D9C8E8D-421B-4D10-8C23-02F067B72012}.Release|Mixed Platforms.Build.0 = Release|Win32
		{2D9C8E8D-421B-4D10-8C23-02F067B72012}.Release|Win32.ActiveCfg = Release|Win32
		{2D9C8E8D-421B-4D10-8C23-02F067B72012}.Release|Win32.Build.0 = Release|Win32
		{2D9C8E8D-421B-4D10-8C23-02F067B72012}.Release|x64.ActiveCfg = Release|x64
		{2D9C8E8D-421B-4D10-8C23-02F067B72012}.Release|x64.Build.0 = Release|x64
		{026EC6D9-1351-4F41-A91D-D69BF782422B}.Debug|Mixed Platforms.ActiveCfg = Debug|Win32
		{026EC6D9-1351-4F41-A91D-D69BF782422B}.Debug|Mixed Platforms.Build.0 = Debug|Win32
		{026EC6D9-1351-4F41-A91D-D69BF782422B}.Debug|Win32.ActiveCfg = Debug|Win32
		{026EC6D9-1351-4F41-A91D-D69BF782422B}.Debug|Win32.Build.0 = Debug|Win32
		{026EC6D9-1351-4F41-A91D-D69BF782422B}.Debug|x64.ActiveCfg = Debug|x64
		{026EC6D9-1351-4F41-A91D-D69BF782422B}.Debug|x64.Build.0 = Debug|x64
		{026EC6D9-1351-4F41-A91D-D69BF782422B}.Release|Mixed Platforms.ActiveCfg = Release|Win32
		{026EC6D9-1351-4F41-A91D-D69BF782422B}.Release|Mixed Platforms.Build.0 = Release|Win32
		{026EC6D9-1351-4F41-A91D-D69BF782422B}.Release|Win32.ActiveCfg = Release|Win32
		{026EC6D9-1351-4F41-A91D-D69BF782422B}.Release|Win32.Build.0 = Release|Win32
		{026EC6D9-1351-4F41-A91D-D69BF782422B}.Release|x64.ActiveCfg = Release|x64
		{026EC6D9-1351-4F41-A91D-D69BF782422B}.Release|x64.Build.0 = Release|x64
		{39834A6A-DB0B-4822-8BD1-DDBF989890BC}.Debug|Mixed Platforms.ActiveCfg = Debug|Win32
		{39834A6A-DB0B-4822-8BD1-DDBF989890BC}.Debug|Mixed Platforms.Build.0 = Debug|Win32
		{39834A6A-DB0B-4822-8BD1-DDBF989890BC}.Debug|Win32.ActiveCfg = Debug|Win32
		{39834A6A-DB0B-4822-8BD1-DDBF989890BC}.Debug|Win32.Build.0 = Debug|Win32
		{39834A6A-DB0B-4822-8BD1-DDBF989890BC}.Debug|x64.ActiveCfg = Debug|x64
		{39834A6A-DB0B-4822-8BD1-DDBF989890BC}.Debug|x64.Build.0 = Debug|x64
		{39834A6A-DB0B-4822-8BD1-DDBF989890BC}.Release|Mixed Platforms.ActiveCfg = Release|Win32
		{39834A6A-DB0B-4822-8BD1-DDBF989890BC}.Release|Mixed Platforms.Build.0 = Release|Win32
		{39834A6A-DB0B-4822-8BD1-DDBF989890BC}.Release|Win32.ActiveCfg = Release|Win32
		{39834A6A-DB0B-4822-8BD1-DDBF989890BC}.Release|Win32.Build.0 = Release|Win32
		{39834A6A-DB0B-4822-8BD1-DDBF989890BC}.Release|x64.ActiveCfg = Release|x64
		{39834A6A-DB0B-4822-8BD1-DDBF989890BC}.Release|x64.Build.0 = Release|x64
		{A1DC9B06-0289-41A9-8C11-8CC7B1A719C8}.Debug|Mixed Platforms.ActiveCfg = Debug|Win32
		{A1DC9B06-0289-41A9-8C11-8CC7B1A719C8}.Debug|Mixed Platforms.Build.0 = Debug|Win32
		{A1DC9B06-0289-41A9-8C11-8CC7B1A719C8}.Debug|Win32.ActiveCfg = Debug|Win32
		{A1DC9B06-0289-41A9-8C11-8CC7B1A719C8}.Debug|Win32.Build.0 = Debug|Win32
		{A1DC9B06-0289-41A9-8C11-8CC7B1A719C8}.Debug|x64.ActiveCfg = Debug|Win32
		{A1DC9B06-0289-41A9-8C11-8CC7B1A719C8}.Release|Mixed Platforms.ActiveCfg = Release|Win32
		{A1DC9B06-0289-41A9-8C11-8CC7B1A719C8}.Release|Mixed Platforms.Build.0 = Release|Win32
		{A1DC9B06-0289-41A9-8C11-8CC7B1A719C8}.Release|Win32.ActiveCfg = Release|Win32
		{A1DC9B06-0289-41A9-8C11-8CC7B1A719C8}.Release|Win32.Build.0 = Release|Win32
		{A1DC9B06-0289-41A9-8C11-8CC7B1A719C8}.Release|x64.ActiveCfg = Release|x64
		{A1DC9B06-0289-41A9-8C11-8CC7B1A719C8}.Release|x64.Build.0 = Release|x64
	EndGlobalSection
	GlobalSection(SolutionProperties) = preSolution
		HideSolutionNode = FALSE
	EndGlobalSection
EndGlobal
